
Microsoft Visual Studio Solution File, Format Version 12.00
# Visual Studio 15
VisualStudioVersion = 15.0.27703.2026
MinimumVisualStudioVersion = 10.0.40219.1
Project("{E24C65DC-7377-472B-9ABA-BC803B73C61A}") = "Junat3", "Junat3\", "{2BD03DFB-0F39-4898-B4E8-C36B14BED8BC}"
	ProjectSection(WebsiteProperties) = preProject
		TargetFrameworkMoniker = ".NETFramework,Version%3Dv4.6.1"
		Debug.AspNetCompiler.VirtualPath = "/localhost_2748"
		Debug.AspNetCompiler.PhysicalPath = "Junat3\"
		Debug.AspNetCompiler.TargetPath = "PrecompiledWeb\localhost_2748\"
		Debug.AspNetCompiler.Updateable = "true"
		Debug.AspNetCompiler.ForceOverwrite = "true"
		Debug.AspNetCompiler.FixedNames = "false"
		Debug.AspNetCompiler.Debug = "True"
		Release.AspNetCompiler.VirtualPath = "/localhost_2748"
		Release.AspNetCompiler.PhysicalPath = "Junat3\"
		Release.AspNetCompiler.TargetPath = "PrecompiledWeb\localhost_2748\"
		Release.AspNetCompiler.Updateable = "true"
		Release.AspNetCompiler.ForceOverwrite = "true"
		Release.AspNetCompiler.FixedNames = "false"
		Release.AspNetCompiler.Debug = "False"
		VWDPort = "2748"
		SlnRelativePath = "Junat3\"
		DefaultWebSiteLanguage = "Visual C#"
	EndProjectSection
EndProject
Global
	GlobalSection(SolutionConfigurationPlatforms) = preSolution
		Debug|Any CPU = Debug|Any CPU
	EndGlobalSection
	GlobalSection(ProjectConfigurationPlatforms) = postSolution
		{2BD03DFB-0F39-4898-B4E8-C36B14BED8BC}.Debug|Any CPU.ActiveCfg = Debug|Any CPU
		{2BD03DFB-0F39-4898-B4E8-C36B14BED8BC}.Debug|Any CPU.Build.0 = Debug|Any CPU
	EndGlobalSection
	GlobalSection(SolutionProperties) = preSolution
		HideSolutionNode = FALSE
	EndGlobalSection
	GlobalSection(ExtensibilityGlobals) = postSolution
		SolutionGuid = {E5FD211B-B9D8-442F-A274-27D87574AD22}
	EndGlobalSection
EndGlobal
